
Microsoft Visual Studio Solution File, Format Version 12.00
# Visual Studio Version 16
VisualStudioVersion = 16.0.30804.86
MinimumVisualStudioVersion = 10.0.40219.1
Project("{FAE04EC0-301F-11D3-BF4B-00C04F79EFBC}") = "Oldschoolprogrammer.Quantum.First", "Oldschoolprogrammer.Quantum.First.csproj", "{AA18DA85-8AF6-45C6-8D32-EBD427DA442D}"
EndProject
Global
	GlobalSection(SolutionConfigurationPlatforms) = preSolution
		Debug|Any CPU = Debug|Any CPU
		Release|Any CPU = Release|Any CPU
	EndGlobalSection
	GlobalSection(ProjectConfigurationPlatforms) = postSolution
		{AA18DA85-8AF6-45C6-8D32-EBD427DA442D}.Debug|Any CPU.ActiveCfg = Debug|Any CPU
		{AA18DA85-8AF6-45C6-8D32-EBD427DA442D}.Debug|Any CPU.Build.0 = Debug|Any CPU
		{AA18DA85-8AF6-45C6-8D32-EBD427DA442D}.Release|Any CPU.ActiveCfg = Release|Any CPU
		{AA18DA85-8AF6-45C6-8D32-EBD427DA442D}.Release|Any CPU.Build.0 = Release|Any CPU
	EndGlobalSection
	GlobalSection(SolutionProperties) = preSolution
		HideSolutionNode = FALSE
	EndGlobalSection
	GlobalSection(ExtensibilityGlobals) = postSolution
		SolutionGuid = {DDA75986-7255-4D69-B28E-6A8F7C8A317C}
	EndGlobalSection
EndGlobal
